{
  "keys": {
    "batch_address-append_40_10.key": {
      "sha256": "589c90ea00bc771e7b61c28c20290c4dfaa9a33790d7231261d7bbe621459843",
      "size": 136666912
    },
    "batch_address-append_40_250.key": {
      "sha256": "aacd3c81c4681acf0eb21e395df4f566738412da158153b1dee7ac83219dc425",
      "size": 3752013184
    },
    "custom_ring_base.key": {
      "sha256": "c4a6e3b31546317cf2448b9392dab5a3172caf5c90542230e70a7e17901d9f1f",
      "size": 66279562,
      "source": "release"
    },
    "custom_ring_compressed_policy.key": {
      "sha256": "632fd1c05ce6e89e58aba2c96054323ed24a1d99d1c148fdeccd837cdb3ffe2f",
      "size": 514037471,
      "source": "release"
    },
    "custom_ring_delegate_policy.key": {
      "sha256": "296e64861dc2565b85a3567bd1c9ebba2757eefd08bfd10160d9fe248b86ac76",
      "size": 176832229,
      "source": "release"
    },
    "custom_ring_deposit.key": {
      "sha256": "3a385a554a49c25d1eea8e3f5368874347ccb7c457512b5f0fe42ec519c498ad",
      "size": 213136902,
      "source": "release"
    },
    "custom_ring_policy.key": {
      "sha256": "1ebc92edebf9f7e6e4c53194a8035e21b6785bee0e8c4e2f7422b1e44d1a72a1",
      "size": 180044527,
      "source": "release"
    },
    "custom_ring_register_key.key": {
      "sha256": "926bc02fe4d70f3d8163e190a572be82f8a0506e4ce734525fd3f92cf40c3357",
      "size": 68029648,
      "source": "release"
    },
    "merge_36_1.key": {
      "sha256": "fb55516d559ec66d8cb312af1681b3e1e1137f31ee024b1dcced381e77496694",
      "size": 242262929
    },
    "merge_8_1.key": {
      "sha256": "41d579684fb58fcd02ebd38a51d421f5714573a0e6a2bafeccbcd68dd975d9a7",
      "size": 55773635
    },
    "merge_ring_36_1.key": {
      "sha256": "accb88e7a3ba163452b224e66ff37129b2e50b81959a4799de83d25f04f91928",
      "size": 242014126
    },
    "merge_ring_8_1.key": {
      "sha256": "b06aa4480e63126a7aed0a6b495152a185b7becc4298707d8fbb3b1c54ccc260",
      "size": 55718103
    },
    "transfer_confidential_1_1.key": {
      "sha256": "dc8ff569bdc9678ef38aeded5b52c124588a1c5d346b06681dffbef2513a416f",
      "size": 8593515
    },
    "transfer_confidential_1_2.key": {
      "sha256": "e364bdc5903ba1231f4764d0b4d40c7e2764b60fc88588f65d48dd829c3c750d",
      "size": 9268525
    },
    "transfer_confidential_1_8.key": {
      "sha256": "84ad08d5e39470bb4c576c326e1d2d8f68cb795e22fb13425cc7a03fe8132b52",
      "size": 13696161
    },
    "transfer_confidential_2_2.key": {
      "sha256": "77c7aee11bc101b908c2c43a6daf99d7640b30c7deff2aaf1a77ec5c638cd064",
      "size": 16408537
    },
    "transfer_confidential_2_3.key": {
      "sha256": "53a07f897d22d823ea69474850b1201b1ff059790ad9ab0f526a892a30c0f3e5",
      "size": 16912542
    },
    "transfer_confidential_36_2.key": {
      "sha256": "09be971fa12433fb5d873434d1ad0d5f207a3e79df40a07f035798eb665d2200",
      "size": 251613264
    },
    "transfer_confidential_3_3.key": {
      "sha256": "48db5098894b39875d659a214cc3dfa657cc80f0f0ae9fb54f285b9773ea6f0b",
      "size": 24930899
    },
    "transfer_confidential_4_3.key": {
      "sha256": "acefbab7b9d6d3e9d76263fb4cdc49666c6cb1d0e651c4d273d5a5db8ba739f6",
      "size": 30854811
    },
    "transfer_confidential_4_4.key": {
      "sha256": "7984653afd67836a701fce38105cc6415764a3ef8b71548e50f414f7249058ef",
      "size": 31364063
    },
    "transfer_confidential_5_3.key": {
      "sha256": "a393364a4716d8157f54cf28b19d0021c9f8e0d16fbea0857933bc434a8afba3",
      "size": 36959715
    },
    "transfer_confidential_5_4.key": {
      "sha256": "a8a32c87c6b7d135ced61e4a0c0c5e5127b0ef2a3775ec4a60e285e41bd75bce",
      "size": 37467501
    },
    "transfer_p256_ring_1_1.key": {
      "sha256": "e6f888ef4634d0e3423045843163eb1bf41c7f4319efb880c6e3ce7c205e5b15",
      "size": 53865440
    },
    "transfer_p256_ring_1_2.key": {
      "sha256": "791886cdb7b2a5ab0af71142abc3d298403022a034c543aaf9902d561014280f",
      "size": 54599532
    },
    "transfer_p256_ring_1_8.key": {
      "sha256": "38596937f594897bcadd1cf4ae0c2132312089263dec222eb841b30f833ac827",
      "size": 58249279
    },
    "transfer_p256_ring_2_2.key": {
      "sha256": "d7c8618e9a4307bcb8d1812f722f48dc89bc7094347f32e154f4e119cbdab191",
      "size": 61063076
    },
    "transfer_p256_ring_2_3.key": {
      "sha256": "d481aa8c4b965fac864b62600757f48949e10a7af37a58d3b9183bce931e8bba",
      "size": 61606204
    },
    "transfer_p256_ring_36_2.key": {
      "sha256": "3d1386abfede7d217d5b5082c99248aefe19854a39701b216c8b5bee406144ea",
      "size": 301869357
    },
    "transfer_p256_ring_3_3.key": {
      "sha256": "70291a529c24db03cc1cbad9d1aef82104136ce7190dfcf7267fb6895035e42c",
      "size": 67875271
    },
    "transfer_p256_ring_4_3.key": {
      "sha256": "ffd57aab3d1e23a4e1b24395cfb6cdcb90ba8c1a3a434492d1375adfb4ae4e92",
      "size": 74144843
    },
    "transfer_p256_ring_4_4.key": {
      "sha256": "008b6a39c599c733223de09bd73c8ca83fe55d4a7a059a3f58f50f8e815b7f99",
      "size": 74690314
    },
    "transfer_p256_ring_5_3.key": {
      "sha256": "ab61370064b17d3087bc9647646c91be37baf5ab6a00cfa73cb31cad1216a0a7",
      "size": 88996723
    },
    "transfer_p256_ring_5_4.key": {
      "sha256": "771f89d5a3c2272aa99085143c2609f4c9c9f058a690aa5f14debb137901c5fb",
      "size": 89544166
    },
    "transfer_ring_1_1.key": {
      "sha256": "5767b911b2ef8f6d05fe8a3a0f0cc681ed645794478e65a1e49dfca262975c48",
      "size": 8601541
    },
    "transfer_ring_1_2.key": {
      "sha256": "1ada2b1389db17f87d8fab83a9ddd72eab474d9e0506b4ddbba7eb27ed0f14f5",
      "size": 9278788
    },
    "transfer_ring_1_8.key": {
      "sha256": "ca8becae21e604467f74581604be2c89310e4b5a633a57d3334696850983fd02",
      "size": 13732173
    },
    "transfer_ring_2_2.key": {
      "sha256": "56042cd64bb8cec974f7e2b4b64a3f7beef5083758e46f396d5543b4bfca6359",
      "size": 16423364
    },
    "transfer_ring_2_3.key": {
      "sha256": "d8f1214f0824233bad52f2daad9de852497c97e928985427f9291486ea89b7b3",
      "size": 16930820
    },
    "transfer_ring_36_2.key": {
      "sha256": "e9933d43ce8a3fa2a0a2d388514c74aa5ab9695f1c8741fa6840486cda898f7a",
      "size": 251698974
    },
    "transfer_ring_3_3.key": {
      "sha256": "68cac242b7f1f8226e2551c5df188947f89fca8fb110f693c0e4e3c7972ed5c3",
      "size": 24950242
    },
    "transfer_ring_4_3.key": {
      "sha256": "d8871e2da8d07a6a64a625e224105153b9ae7080783929c17810654936ad98ed",
      "size": 30876890
    },
    "transfer_ring_4_4.key": {
      "sha256": "5012efd92bfd6437b79b888c802f1bbb25e28045734d989a735777fab9c4166d",
      "size": 31387961
    },
    "transfer_ring_5_3.key": {
      "sha256": "75f6f5e84cfb87638d14b7a43a2779f6ccf054bb75964a93375e1256f9ff7e29",
      "size": 36984592
    },
    "transfer_ring_5_4.key": {
      "sha256": "f77e4753550e242901c37b2e41f034ee52b66b3146886df474edd44798dc8d71",
      "size": 37497744
    },
    "transfer_ring_authority_1_1.key": {
      "sha256": "3260c847f11a2fddd981fa1974ea20ae36601156e34a42722f3fa08ebe745a9e",
      "size": 8377755
    },
    "transfer_ring_authority_2_2.key": {
      "sha256": "3f74af29c75b74f76ce80c7ab93ee7ad5da6c35a067df72e613e61efa1503132",
      "size": 15896099
    },
    "transfer_ring_authority_3_3.key": {
      "sha256": "53064e424d01670eda8863fd768dc228b9399bf2dd82273228850304a9515545",
      "size": 24314969
    },
    "transfer_ring_authority_4_4.key": {
      "sha256": "2f98be500f14c11563a72688b1b8ac73877c4093fe0d45888f548bc0f87e1c0d",
      "size": 30660680
    }
  },
  "prefix": "proving-keys/84c3c4a673cb5ff6"
}
