{
  "keys": {
    "batch_address-append_40_10.key": {
      "sha256": "589c90ea00bc771e7b61c28c20290c4dfaa9a33790d7231261d7bbe621459843",
      "size": 136666912
    },
    "batch_address-append_40_250.key": {
      "sha256": "aacd3c81c4681acf0eb21e395df4f566738412da158153b1dee7ac83219dc425",
      "size": 3752013184
    },
    "custom_ring_base.key": {
      "sha256": "c4a6e3b31546317cf2448b9392dab5a3172caf5c90542230e70a7e17901d9f1f",
      "size": 66279562,
      "source": "release"
    },
    "custom_ring_compressed_policy.key": {
      "sha256": "632fd1c05ce6e89e58aba2c96054323ed24a1d99d1c148fdeccd837cdb3ffe2f",
      "size": 514037471,
      "source": "release"
    },
    "custom_ring_delegate_policy.key": {
      "sha256": "296e64861dc2565b85a3567bd1c9ebba2757eefd08bfd10160d9fe248b86ac76",
      "size": 176832229,
      "source": "release"
    },
    "custom_ring_deposit.key": {
      "sha256": "3a385a554a49c25d1eea8e3f5368874347ccb7c457512b5f0fe42ec519c498ad",
      "size": 213136902,
      "source": "release"
    },
    "custom_ring_policy.key": {
      "sha256": "1ebc92edebf9f7e6e4c53194a8035e21b6785bee0e8c4e2f7422b1e44d1a72a1",
      "size": 180044527,
      "source": "release"
    },
    "custom_ring_register_key.key": {
      "sha256": "926bc02fe4d70f3d8163e190a572be82f8a0506e4ce734525fd3f92cf40c3357",
      "size": 68029648,
      "source": "release"
    },
    "merge_36_1.key": {
      "sha256": "dfa17449cc5a15d155ff788523bdb90d107d1bbb8a3ec2afccf6604aa96c76aa",
      "size": 239635583
    },
    "merge_8_1.key": {
      "sha256": "b82548555e44e5e825210feef0ac5951095c7827e95d6ab9e356223e9987d6cd",
      "size": 55118886
    },
    "merge_ring_36_1.key": {
      "sha256": "b292090e3e190c2cae8333fc5dabaa2c0f276e774da02217ee2aed5dfe99ddd8",
      "size": 239386970
    },
    "merge_ring_8_1.key": {
      "sha256": "6f9b09a1ca522c4ca89c75df569695b8204f4a5c08f4ff387721431986af120a",
      "size": 55064306
    },
    "transfer_confidential_1_1.key": {
      "sha256": "3f7f1ad4afc1d8a8172eb04ee56493be8a6a05f6d89c212ccbc9d42c799de994",
      "size": 8589786
    },
    "transfer_confidential_1_2.key": {
      "sha256": "48200e966af55ac370128e9e79d6a5b422be048d9bec2dc3f0f91d2092013c99",
      "size": 9263832
    },
    "transfer_confidential_1_8.key": {
      "sha256": "35564a323f154743f58d71ff40315d7504dbf55be4cc60d060d0bec2bf4eb8cc",
      "size": 13682957
    },
    "transfer_confidential_2_2.key": {
      "sha256": "e95ea566da49db5ffa4996a7ad044fa27eb2490f4b7a6290c9511ff991fd9b90",
      "size": 16401817
    },
    "transfer_confidential_2_3.key": {
      "sha256": "5deb467c5101c60341f2041762774c19d96da2984472ac9c5461ef5686881838",
      "size": 16904059
    },
    "transfer_confidential_36_2.key": {
      "sha256": "7c144baeab0a95ddf997bddaef9ba490d11e04c9fa0fa39eb5466d3a771adc92",
      "size": 251492196
    },
    "transfer_confidential_3_3.key": {
      "sha256": "deefea4760b4330520e00f8babebb9539883ac85f8cc3eba53373d0098f7aaf4",
      "size": 24921106
    },
    "transfer_confidential_4_3.key": {
      "sha256": "cb7118fbda360e3b5f7377626619a4f560f9cf25c97b8de69675968321a5b336",
      "size": 30842208
    },
    "transfer_confidential_4_4.key": {
      "sha256": "e71eed09c5d349e68553f065051ca479ff22f523f01176bfb0d24db7706aacc7",
      "size": 31349373
    },
    "transfer_confidential_5_3.key": {
      "sha256": "7fca62e7d512b3d128f0d39f366116056b689b42781ab00365e4c1ac84d4c80a",
      "size": 36945742
    },
    "transfer_confidential_5_4.key": {
      "sha256": "a9bfb2414951a7fe20a86e0cc040e131a6d088d1f181f3186cd37c1bedbddcd7",
      "size": 37452750
    },
    "transfer_p256_ring_1_1.key": {
      "sha256": "17cff01e615492feb8ad9f993f914b4391e1063a42f09ea6d983aeceb8cd4378",
      "size": 53862377
    },
    "transfer_p256_ring_1_2.key": {
      "sha256": "758cdf47d86c1b0027494fdd8b75609d75b09474a19fe7924dea7a9cdd3a85fe",
      "size": 54595352
    },
    "transfer_p256_ring_1_8.key": {
      "sha256": "cd9153cea4d5b292284c23761167b7f95d7c43cc9f4afffb7616bb8041f11500",
      "size": 58237951
    },
    "transfer_p256_ring_2_2.key": {
      "sha256": "270a1f4c94f1ea3f3b5f18e9a093cb6aaac346f39a600feb5ca848d17aca0fbe",
      "size": 61056807
    },
    "transfer_p256_ring_2_3.key": {
      "sha256": "f2cdab193e8bd5593439dfe537f06a857e17ae31b1a5f7ed316f2a337b698915",
      "size": 61599164
    },
    "transfer_p256_ring_36_2.key": {
      "sha256": "86c295d36ad58ef0352d47ee7119af4ba89e8581dd610604e7712ca912bbc334",
      "size": 301746933
    },
    "transfer_p256_ring_3_3.key": {
      "sha256": "1a4d13b95d9e1ae8988f91599680bfaa0cad3b94a56bd964df74c0c56c991a5f",
      "size": 67866466
    },
    "transfer_p256_ring_4_3.key": {
      "sha256": "22dda5a1c782b2bc45ad1b6beb3ff5337d68e2df8cf38f82fe50806c2be6355d",
      "size": 74133955
    },
    "transfer_p256_ring_4_4.key": {
      "sha256": "448f1827f463cf2e14009b5f420de4da46fe5c10d4097ef268f3d97f166e0b10",
      "size": 74678063
    },
    "transfer_p256_ring_5_3.key": {
      "sha256": "76e61116810353db8950a3923a51bc34a206ba8610e30f12f2a86b04a6c2a040",
      "size": 88983750
    },
    "transfer_p256_ring_5_4.key": {
      "sha256": "90678dfe1f38fa329261c567605aad3ea525e75a07b2c8ee074d9264f1719365",
      "size": 89529870
    },
    "transfer_ring_1_1.key": {
      "sha256": "09009322531ca9380b174ae82c324ffcf1f3692f8efda822ee85da302bc1df3c",
      "size": 8598008
    },
    "transfer_ring_1_2.key": {
      "sha256": "bb1da6113ce4f20cfc062703a7c86e78a5dacc7123a8e3f39deb3f0a19fd69fc",
      "size": 9274270
    },
    "transfer_ring_1_8.key": {
      "sha256": "2adef2103706bc1c6077df9e2313271eff3075c52b1cb544b77072edbc62ad7c",
      "size": 13720933
    },
    "transfer_ring_2_2.key": {
      "sha256": "b6d58e31a03abb044032e844177c3804e6d8729970543e2583094720c136ae6f",
      "size": 16416698
    },
    "transfer_ring_2_3.key": {
      "sha256": "ee3a8b30a90454f1db40eb5d70458f9db05628eb0bf04259909a9dedf0cf1b9d",
      "size": 16923684
    },
    "transfer_ring_36_2.key": {
      "sha256": "4e4decd490528df1ef4fe3fdb4bb55d7c13e8c348eb20350e0ffe3ce40634574",
      "size": 251578644
    },
    "transfer_ring_3_3.key": {
      "sha256": "8515fe347cd41cd5428b1f64653747353848f996e2b44ccb93fdb7921246e17c",
      "size": 24940515
    },
    "transfer_ring_4_3.key": {
      "sha256": "e9a9b0ec39efb9aac72186843ee5ac6410434f2714d38f3c5ef6f58c899dcfab",
      "size": 30865364
    },
    "transfer_ring_4_4.key": {
      "sha256": "b984211480a0547ec38626fcd1f09f9fde0ed9a5d61a62b3f3880443540bdf24",
      "size": 31375061
    },
    "transfer_ring_5_3.key": {
      "sha256": "11e505a662b7cefca9db757049c32044096b2bf28d2cecfeab42e82e73b142ae",
      "size": 36970062
    },
    "transfer_ring_5_4.key": {
      "sha256": "e173ec1d7220c837ac0f55616f09d0bcf05e7266aa8f1833b1c0dfaa6133e1bc",
      "size": 37481657
    },
    "transfer_ring_authority_1_1.key": {
      "sha256": "c036435a11d56b856c18c2377caef97a41d6a18321df3b132cef0b58127dac51",
      "size": 8374824
    },
    "transfer_ring_authority_2_2.key": {
      "sha256": "8f17f191c50329c2912fa9b575fe6eee4bd885aba88a374a257becae4a7edf0a",
      "size": 15890665
    },
    "transfer_ring_authority_3_3.key": {
      "sha256": "54fd75fe9058267173e2952c6435adc3b24347f79409ec79cd7cf4bff3f19daa",
      "size": 24305463
    },
    "transfer_ring_authority_4_4.key": {
      "sha256": "b6872c00c1c1557ca54d2976d1c49ccbbb5456763726493a543df53c2a07cdad",
      "size": 30648802
    }
  },
  "prefix": "proving-keys/62f2f256f31ffc89"
}
